// !$*UTF8*$!
{
	archiveVersion = 1;
	classes = {
	};
	objectVersion = 46;
	objects = {

/* Begin PBXBuildFile section */
		21065E381DC1DB5A00E5C57B /* main.m in Sources */ = {isa = PBXBuildFile; fileRef = 21065E371DC1DB5A00E5C57B /* main.m */; };
		21065E3B1DC1DB5A00E5C57B /* AppDelegate.m in Sources */ = {isa = PBXBuildFile; fileRef = 21065E3A1DC1DB5A00E5C57B /* AppDelegate.m */; };
		21065E3E1DC1DB5A00E5C57B /* ViewController.m in Sources */ = {isa = PBXBuildFile; fileRef = 21065E3D1DC1DB5A00E5C57B /* ViewController.m */; };
		21065E411DC1DB5A00E5C57B /* Main.storyboard in Resources */ = {isa = PBXBuildFile; fileRef = 21065E3F1DC1DB5A00E5C57B /* Main.storyboard */; };
		21065E431DC1DB5A00E5C57B /* Assets.xcassets in Resources */ = {isa = PBXBuildFile; fileRef = 21065E421DC1DB5A00E5C57B /* Assets.xcassets */; };
		21065E461DC1DB5A00E5C57B /* LaunchScreen.storyboard in Resources */ = {isa = PBXBuildFile; fileRef = 21065E441DC1DB5A00E5C57B /* LaunchScreen.storyboard */; };
		21065E511DC1DB5A00E5C57B /* BaseTests.m in Sources */ = {isa = PBXBuildFile; fileRef = 21065E501DC1DB5A00E5C57B /* BaseTests.m */; };
		21065E5C1DC1DB5B00E5C57B /* BaseUITests.m in Sources */ = {isa = PBXBuildFile; fileRef = 21065E5B1DC1DB5B00E5C57B /* BaseUITests.m */; };
		21065E861DC1DC3200E5C57B /* UIBarButtonItem+LH.m in Sources */ = {isa = PBXBuildFile; fileRef = 21065E6D1DC1DC3200E5C57B /* UIBarButtonItem+LH.m */; };
		21065E871DC1DC3200E5C57B /* UIButton+Extension.m in Sources */ = {isa = PBXBuildFile; fileRef = 21065E6F1DC1DC3200E5C57B /* UIButton+Extension.m */; };
		21065E891DC1DC3200E5C57B /* UIImage+Extension.m in Sources */ = {isa = PBXBuildFile; fileRef = 21065E731DC1DC3200E5C57B /* UIImage+Extension.m */; };
		21065E8A1DC1DC3200E5C57B /* UIImageView+Extension.m in Sources */ = {isa = PBXBuildFile; fileRef = 21065E751DC1DC3200E5C57B /* UIImageView+Extension.m */; };
		21065E8B1DC1DC3200E5C57B /* UIView+Extension.m in Sources */ = {isa = PBXBuildFile; fileRef = 21065E771DC1DC3200E5C57B /* UIView+Extension.m */; };
		21065E8C1DC1DC3200E5C57B /* UIViewController+Extension.m in Sources */ = {isa = PBXBuildFile; fileRef = 21065E791DC1DC3200E5C57B /* UIViewController+Extension.m */; };
		21065E8D1DC1DC3200E5C57B /* BaseNavtionController.m in Sources */ = {isa = PBXBuildFile; fileRef = 21065E7C1DC1DC3200E5C57B /* BaseNavtionController.m */; };
		21065E8E1DC1DC3200E5C57B /* BaseTabBarController.m in Sources */ = {isa = PBXBuildFile; fileRef = 21065E7E1DC1DC3200E5C57B /* BaseTabBarController.m */; };
		21065E8F1DC1DC3200E5C57B /* BaseViewController.m in Sources */ = {isa = PBXBuildFile; fileRef = 21065E801DC1DC3200E5C57B /* BaseViewController.m */; };
		21065EC71DC1DC4D00E5C57B /* DTConstants.m in Sources */ = {isa = PBXBuildFile; fileRef = 21065E981DC1DC4D00E5C57B /* DTConstants.m */; };
		21065EC81DC1DC4D00E5C57B /* DTError.m in Sources */ = {isa = PBXBuildFile; fileRef = 21065E9A1DC1DC4D00E5C57B /* DTError.m */; };
		21065EC91DC1DC4D00E5C57B /* DTTimePeriod.m in Sources */ = {isa = PBXBuildFile; fileRef = 21065E9C1DC1DC4D00E5C57B /* DTTimePeriod.m */; };
		21065ECA1DC1DC4D00E5C57B /* DTTimePeriodChain.m in Sources */ = {isa = PBXBuildFile; fileRef = 21065E9E1DC1DC4D00E5C57B /* DTTimePeriodChain.m */; };
		21065ECB1DC1DC4D00E5C57B /* DTTimePeriodCollection.m in Sources */ = {isa = PBXBuildFile; fileRef = 21065EA01DC1DC4D00E5C57B /* DTTimePeriodCollection.m */; };
		21065ECC1DC1DC4D00E5C57B /* DTTimePeriodGroup.m in Sources */ = {isa = PBXBuildFile; fileRef = 21065EA21DC1DC4D00E5C57B /* DTTimePeriodGroup.m */; };
		21065ECD1DC1DC4D00E5C57B /* NSDate+DateTools.m in Sources */ = {isa = PBXBuildFile; fileRef = 21065EA41DC1DC4D00E5C57B /* NSDate+DateTools.m */; };
		21065ECE1DC1DC4D00E5C57B /* MyTools.m in Sources */ = {isa = PBXBuildFile; fileRef = 21065EA71DC1DC4D00E5C57B /* MyTools.m */; };
		21065ECF1DC1DC4D00E5C57B /* KeyChainStore.m in Sources */ = {isa = PBXBuildFile; fileRef = 21065EAA1DC1DC4D00E5C57B /* KeyChainStore.m */; };
		21065ED01DC1DC4D00E5C57B /* UserDevice.m in Sources */ = {isa = PBXBuildFile; fileRef = 21065EAC1DC1DC4D00E5C57B /* UserDevice.m */; };
		21065ED11DC1DC4D00E5C57B /* HTTPRequestManager.m in Sources */ = {isa = PBXBuildFile; fileRef = 21065EAF1DC1DC4D00E5C57B /* HTTPRequestManager.m */; };
		21065ED31DC1DC4D00E5C57B /* Reachability.m in Sources */ = {isa = PBXBuildFile; fileRef = 21065EB51DC1DC4D00E5C57B /* Reachability.m */; };
		21065ED41DC1DC4D00E5C57B /* NetworkStatusMonitor.m in Sources */ = {isa = PBXBuildFile; fileRef = 21065EB81DC1DC4D00E5C57B /* NetworkStatusMonitor.m */; };
		21065ED51DC1DC4D00E5C57B /* QRCodeGenerator.m in Sources */ = {isa = PBXBuildFile; fileRef = 21065EBB1DC1DC4D00E5C57B /* QRCodeGenerator.m */; };
		2107243E1E346B38000C55D9 /* local.strings in Resources */ = {isa = PBXBuildFile; fileRef = 210724401E346B38000C55D9 /* local.strings */; };
		210724441E346BBB000C55D9 /* ChangeStringView.m in Sources */ = {isa = PBXBuildFile; fileRef = 210724421E346BBB000C55D9 /* ChangeStringView.m */; };
		210724451E346BBB000C55D9 /* ChangeStringView.xib in Resources */ = {isa = PBXBuildFile; fileRef = 210724431E346BBB000C55D9 /* ChangeStringView.xib */; };
		2107244C1E346D88000C55D9 /* User.m in Sources */ = {isa = PBXBuildFile; fileRef = 210724491E346D88000C55D9 /* User.m */; };
		2107244D1E346D88000C55D9 /* UserManager.m in Sources */ = {isa = PBXBuildFile; fileRef = 2107244B1E346D88000C55D9 /* UserManager.m */; };
		210724511E348AF3000C55D9 /* MZTimerLabel.m in Sources */ = {isa = PBXBuildFile; fileRef = 210724501E348AF3000C55D9 /* MZTimerLabel.m */; };
		210724571E348B87000C55D9 /* UIButton+XQ.m in Sources */ = {isa = PBXBuildFile; fileRef = 210724541E348B87000C55D9 /* UIButton+XQ.m */; };
		210724581E348B87000C55D9 /* UIImageView+XQ.m in Sources */ = {isa = PBXBuildFile; fileRef = 210724561E348B87000C55D9 /* UIImageView+XQ.m */; };
		21233A741DC9E09C000652B1 /* PhoneConfirmController.m in Sources */ = {isa = PBXBuildFile; fileRef = 21233A6E1DC9E09C000652B1 /* PhoneConfirmController.m */; };
		21233A751DC9E09C000652B1 /* PhoneConfirmController.xib in Resources */ = {isa = PBXBuildFile; fileRef = 21233A6F1DC9E09C000652B1 /* PhoneConfirmController.xib */; };
		21233A761DC9E09C000652B1 /* ScanCompanyCodeController.m in Sources */ = {isa = PBXBuildFile; fileRef = 21233A721DC9E09C000652B1 /* ScanCompanyCodeController.m */; };
		21233A771DC9E09C000652B1 /* ScanCompanyCodeController.xib in Resources */ = {isa = PBXBuildFile; fileRef = 21233A731DC9E09C000652B1 /* ScanCompanyCodeController.xib */; };
		212C21B91DCB207D0091B218 /* UIView_extra.m in Sources */ = {isa = PBXBuildFile; fileRef = 212C21B71DCB207D0091B218 /* UIView_extra.m */; };
		215808651E495D2500B25734 /* XQGA.m in Sources */ = {isa = PBXBuildFile; fileRef = 215808641E495D2500B25734 /* XQGA.m */; };
		215808691E495D9C00B25734 /* LocalNotiPush.m in Sources */ = {isa = PBXBuildFile; fileRef = 215808681E495D9C00B25734 /* LocalNotiPush.m */; };
		2158086D1E495FA700B25734 /* Fabric.framework in Frameworks */ = {isa = PBXBuildFile; fileRef = 2158086B1E495FA700B25734 /* Fabric.framework */; };
		2158086E1E495FA700B25734 /* Crashlytics.framework in Frameworks */ = {isa = PBXBuildFile; fileRef = 2158086C1E495FA700B25734 /* Crashlytics.framework */; };
		215808891E4965C500B25734 /* libsqlite3.0.tbd in Frameworks */ = {isa = PBXBuildFile; fileRef = 215808881E4965C500B25734 /* libsqlite3.0.tbd */; };
		215808931E49695B00B25734 /* MBProgressHUD+XQ.m in Sources */ = {isa = PBXBuildFile; fileRef = 2158088F1E49695B00B25734 /* MBProgressHUD+XQ.m */; };
		215808941E49695B00B25734 /* MBProgressHUD.bundle in Resources */ = {isa = PBXBuildFile; fileRef = 215808901E49695B00B25734 /* MBProgressHUD.bundle */; };
		215808951E49695B00B25734 /* MBProgressHUD.m in Sources */ = {isa = PBXBuildFile; fileRef = 215808921E49695B00B25734 /* MBProgressHUD.m */; };
		216C4F0F1E4ACE1600FA8030 /* NetWorkStates.m in Sources */ = {isa = PBXBuildFile; fileRef = 216C4F0E1E4ACE1600FA8030 /* NetWorkStates.m */; };
		2172412C1DC2EE0300CFEA3D /* CommonHelper_iOS.mm in Sources */ = {isa = PBXBuildFile; fileRef = 2172412B1DC2EE0300CFEA3D /* CommonHelper_iOS.mm */; };
		217539B91DC990DA00E4800F /* KSGuideManager.m in Sources */ = {isa = PBXBuildFile; fileRef = 217539B81DC990DA00E4800F /* KSGuideManager.m */; };
		217539C01DC996D200E4800F /* 1.jpg in Resources */ = {isa = PBXBuildFile; fileRef = 217539BB1DC996D200E4800F /* 1.jpg */; };
		217539C11DC996D200E4800F /* 2.jpg in Resources */ = {isa = PBXBuildFile; fileRef = 217539BC1DC996D200E4800F /* 2.jpg */; };
		217539C21DC996D200E4800F /* 3.jpg in Resources */ = {isa = PBXBuildFile; fileRef = 217539BD1DC996D200E4800F /* 3.jpg */; };
		218B3B201DCC213D0097FCB4 /* LeftSlideViewController.m in Sources */ = {isa = PBXBuildFile; fileRef = 218B3B1F1DCC213D0097FCB4 /* LeftSlideViewController.m */; };
		21B9A1941E48805F001E2B31 /* MainViewController.m in Sources */ = {isa = PBXBuildFile; fileRef = 21B9A1921E48805F001E2B31 /* MainViewController.m */; };
		21B9A1951E48805F001E2B31 /* MainViewController.xib in Resources */ = {isa = PBXBuildFile; fileRef = 21B9A1931E48805F001E2B31 /* MainViewController.xib */; };
		21B9A1991E4880E9001E2B31 /* EditView.xib in Resources */ = {isa = PBXBuildFile; fileRef = 21B9A1981E4880E9001E2B31 /* EditView.xib */; };
		21B9A19C1E4880FA001E2B31 /* EditView.m in Sources */ = {isa = PBXBuildFile; fileRef = 21B9A19B1E4880FA001E2B31 /* EditView.m */; };
		6AD4300F200BD2F41D34DA06 /* libPods-Base.a in Frameworks */ = {isa = PBXBuildFile; fileRef = 861B2CF7E518F3360419D333 /* libPods-Base.a */; };
/* End PBXBuildFile section */

/* Begin PBXContainerItemProxy section */
		21065E4D1DC1DB5A00E5C57B /* PBXContainerItemProxy */ = {
			isa = PBXContainerItemProxy;
			containerPortal = 21065E2B1DC1DB5A00E5C57B /* Project object */;
			proxyType = 1;
			remoteGlobalIDString = 21065E321DC1DB5A00E5C57B;
			remoteInfo = Base;
		};
		21065E581DC1DB5B00E5C57B /* PBXContainerItemProxy */ = {
			isa = PBXContainerItemProxy;
			containerPortal = 21065E2B1DC1DB5A00E5C57B /* Project object */;
			proxyType = 1;
			remoteGlobalIDString = 21065E321DC1DB5A00E5C57B;
			remoteInfo = Base;
		};
/* End PBXContainerItemProxy section */

/* Begin PBXFileReference section */
		21065E331DC1DB5A00E5C57B /* Base.app */ = {isa = PBXFileReference; explicitFileType = wrapper.application; includeInIndex = 0; path = Base.app; sourceTree = BUILT_PRODUCTS_DIR; };
		21065E371DC1DB5A00E5C57B /* main.m */ = {isa = PBXFileReference; lastKnownFileType = sourcecode.c.objc; path = main.m; sourceTree = "<group>"; };
		21065E391DC1DB5A00E5C57B /* AppDelegate.h */ = {isa = PBXFileReference; lastKnownFileType = sourcecode.c.h; path = AppDelegate.h; sourceTree = "<group>"; };
		21065E3A1DC1DB5A00E5C57B /* AppDelegate.m */ = {isa = PBXFileReference; lastKnownFileType = sourcecode.c.objc; path = AppDelegate.m; sourceTree = "<group>"; };
		21065E3C1DC1DB5A00E5C57B /* ViewController.h */ = {isa = PBXFileReference; lastKnownFileType = sourcecode.c.h; path = ViewController.h; sourceTree = "<group>"; };
		21065E3D1DC1DB5A00E5C57B /* ViewController.m */ = {isa = PBXFileReference; lastKnownFileType = sourcecode.c.objc; path = ViewController.m; sourceTree = "<group>"; };
		21065E401DC1DB5A00E5C57B /* Base */ = {isa = PBXFileReference; lastKnownFileType = file.storyboard; name = Base; path = Base.lproj/Main.storyboard; sourceTree = "<group>"; };
		21065E421DC1DB5A00E5C57B /* Assets.xcassets */ = {isa = PBXFileReference; lastKnownFileType = folder.assetcatalog; path = Assets.xcassets; sourceTree = "<group>"; };
		21065E451DC1DB5A00E5C57B /* Base */ = {isa = PBXFileReference; lastKnownFileType = file.storyboard; name = Base; path = Base.lproj/LaunchScreen.storyboard; sourceTree = "<group>"; };
		21065E471DC1DB5A00E5C57B /* Info.plist */ = {isa = PBXFileReference; lastKnownFileType = text.plist.xml; path = Info.plist; sourceTree = "<group>"; };
		21065E4C1DC1DB5A00E5C57B /* BaseTests.xctest */ = {isa = PBXFileReference; explicitFileType = wrapper.cfbundle; includeInIndex = 0; path = BaseTests.xctest; sourceTree = BUILT_PRODUCTS_DIR; };
		21065E501DC1DB5A00E5C57B /* BaseTests.m */ = {isa = PBXFileReference; lastKnownFileType = sourcecode.c.objc; path = BaseTests.m; sourceTree = "<group>"; };
		21065E521DC1DB5A00E5C57B /* Info.plist */ = {isa = PBXFileReference; lastKnownFileType = text.plist.xml; path = Info.plist; sourceTree = "<group>"; };
		21065E571DC1DB5B00E5C57B /* BaseUITests.xctest */ = {isa = PBXFileReference; explicitFileType = wrapper.cfbundle; includeInIndex = 0; path = BaseUITests.xctest; sourceTree = BUILT_PRODUCTS_DIR; };
		21065E5B1DC1DB5B00E5C57B /* BaseUITests.m */ = {isa = PBXFileReference; lastKnownFileType = sourcecode.c.objc; path = BaseUITests.m; sourceTree = "<group>"; };
		21065E5D1DC1DB5B00E5C57B /* Info.plist */ = {isa = PBXFileReference; lastKnownFileType = text.plist.xml; path = Info.plist; sourceTree = "<group>"; };
		21065E6C1DC1DC3200E5C57B /* UIBarButtonItem+LH.h */ = {isa = PBXFileReference; fileEncoding = 4; lastKnownFileType = sourcecode.c.h; path = "UIBarButtonItem+LH.h"; sourceTree = "<group>"; };
		21065E6D1DC1DC3200E5C57B /* UIBarButtonItem+LH.m */ = {isa = PBXFileReference; fileEncoding = 4; lastKnownFileType = sourcecode.c.objc; path = "UIBarButtonItem+LH.m"; sourceTree = "<group>"; };
		21065E6E1DC1DC3200E5C57B /* UIButton+Extension.h */ = {isa = PBXFileReference; fileEncoding = 4; lastKnownFileType = sourcecode.c.h; path = "UIButton+Extension.h"; sourceTree = "<group>"; };
		21065E6F1DC1DC3200E5C57B /* UIButton+Extension.m */ = {isa = PBXFileReference; fileEncoding = 4; lastKnownFileType = sourcecode.c.objc; path = "UIButton+Extension.m"; sourceTree = "<group>"; };
		21065E721DC1DC3200E5C57B /* UIImage+Extension.h */ = {isa = PBXFileReference; fileEncoding = 4; lastKnownFileType = sourcecode.c.h; path = "UIImage+Extension.h"; sourceTree = "<group>"; };
		21065E731DC1DC3200E5C57B /* UIImage+Extension.m */ = {isa = PBXFileReference; fileEncoding = 4; lastKnownFileType = sourcecode.c.objc; path = "UIImage+Extension.m"; sourceTree = "<group>"; };
		21065E741DC1DC3200E5C57B /* UIImageView+Extension.h */ = {isa = PBXFileReference; fileEncoding = 4; lastKnownFileType = sourcecode.c.h; path = "UIImageView+Extension.h"; sourceTree = "<group>"; };
		21065E751DC1DC3200E5C57B /* UIImageView+Extension.m */ = {isa = PBXFileReference; fileEncoding = 4; lastKnownFileType = sourcecode.c.objc; path = "UIImageView+Extension.m"; sourceTree = "<group>"; };
		21065E761DC1DC3200E5C57B /* UIView+Extension.h */ = {isa = PBXFileReference; fileEncoding = 4; lastKnownFileType = sourcecode.c.h; path = "UIView+Extension.h"; sourceTree = "<group>"; };
		21065E771DC1DC3200E5C57B /* UIView+Extension.m */ = {isa = PBXFileReference; fileEncoding = 4; lastKnownFileType = sourcecode.c.objc; path = "UIView+Extension.m"; sourceTree = "<group>"; };
		21065E781DC1DC3200E5C57B /* UIViewController+Extension.h */ = {isa = PBXFileReference; fileEncoding = 4; lastKnownFileType = sourcecode.c.h; path = "UIViewController+Extension.h"; sourceTree = "<group>"; };
		21065E791DC1DC3200E5C57B /* UIViewController+Extension.m */ = {isa = PBXFileReference; fileEncoding = 4; lastKnownFileType = sourcecode.c.objc; path = "UIViewController+Extension.m"; sourceTree = "<group>"; };
		21065E7B1DC1DC3200E5C57B /* BaseNavtionController.h */ = {isa = PBXFileReference; fileEncoding = 4; lastKnownFileType = sourcecode.c.h; path = BaseNavtionController.h; sourceTree = "<group>"; };
		21065E7C1DC1DC3200E5C57B /* BaseNavtionController.m */ = {isa = PBXFileReference; fileEncoding = 4; lastKnownFileType = sourcecode.c.objc; path = BaseNavtionController.m; sourceTree = "<group>"; };
		21065E7D1DC1DC3200E5C57B /* BaseTabBarController.h */ = {isa = PBXFileReference; fileEncoding = 4; lastKnownFileType = sourcecode.c.h; path = BaseTabBarController.h; sourceTree = "<group>"; };
		21065E7E1DC1DC3200E5C57B /* BaseTabBarController.m */ = {isa = PBXFileReference; fileEncoding = 4; lastKnownFileType = sourcecode.c.objc; path = BaseTabBarController.m; sourceTree = "<group>"; };
		21065E7F1DC1DC3200E5C57B /* BaseViewController.h */ = {isa = PBXFileReference; fileEncoding = 4; lastKnownFileType = sourcecode.c.h; path = BaseViewController.h; sourceTree = "<group>"; };
		21065E801DC1DC3200E5C57B /* BaseViewController.m */ = {isa = PBXFileReference; fileEncoding = 4; lastKnownFileType = sourcecode.c.objc; path = BaseViewController.m; sourceTree = "<group>"; };
		21065E961DC1DC4D00E5C57B /* DateTools.h */ = {isa = PBXFileReference; fileEncoding = 4; lastKnownFileType = sourcecode.c.h; path = DateTools.h; sourceTree = "<group>"; };
		21065E971DC1DC4D00E5C57B /* DTConstants.h */ = {isa = PBXFileReference; fileEncoding = 4; lastKnownFileType = sourcecode.c.h; path = DTConstants.h; sourceTree = "<group>"; };
		21065E981DC1DC4D00E5C57B /* DTConstants.m */ = {isa = PBXFileReference; fileEncoding = 4; lastKnownFileType = sourcecode.c.objc; path = DTConstants.m; sourceTree = "<group>"; };
		21065E991DC1DC4D00E5C57B /* DTError.h */ = {isa = PBXFileReference; fileEncoding = 4; lastKnownFileType = sourcecode.c.h; path = DTError.h; sourceTree = "<group>"; };
		21065E9A1DC1DC4D00E5C57B /* DTError.m */ = {isa = PBXFileReference; fileEncoding = 4; lastKnownFileType = sourcecode.c.objc; path = DTError.m; sourceTree = "<group>"; };
		21065E9B1DC1DC4D00E5C57B /* DTTimePeriod.h */ = {isa = PBXFileReference; fileEncoding = 4; lastKnownFileType = sourcecode.c.h; path = DTTimePeriod.h; sourceTree = "<group>"; };
		21065E9C1DC1DC4D00E5C57B /* DTTimePeriod.m */ = {isa = PBXFileReference; fileEncoding = 4; lastKnownFileType = sourcecode.c.objc; path = DTTimePeriod.m; sourceTree = "<group>"; };
		21065E9D1DC1DC4D00E5C57B /* DTTimePeriodChain.h */ = {isa = PBXFileReference; fileEncoding = 4; lastKnownFileType = sourcecode.c.h; path = DTTimePeriodChain.h; sourceTree = "<group>"; };
		21065E9E1DC1DC4D00E5C57B /* DTTimePeriodChain.m */ = {isa = PBXFileReference; fileEncoding = 4; lastKnownFileType = sourcecode.c.objc; path = DTTimePeriodChain.m; sourceTree = "<group>"; };
		21065E9F1DC1DC4D00E5C57B /* DTTimePeriodCollection.h */ = {isa = PBXFileReference; fileEncoding = 4; lastKnownFileType = sourcecode.c.h; path = DTTimePeriodCollection.h; sourceTree = "<group>"; };
		21065EA01DC1DC4D00E5C57B /* DTTimePeriodCollection.m */ = {isa = PBXFileReference; fileEncoding = 4; lastKnownFileType = sourcecode.c.objc; path = DTTimePeriodCollection.m; sourceTree = "<group>"; };
		21065EA11DC1DC4D00E5C57B /* DTTimePeriodGroup.h */ = {isa = PBXFileReference; fileEncoding = 4; lastKnownFileType = sourcecode.c.h; path = DTTimePeriodGroup.h; sourceTree = "<group>"; };
		21065EA21DC1DC4D00E5C57B /* DTTimePeriodGroup.m */ = {isa = PBXFileReference; fileEncoding = 4; lastKnownFileType = sourcecode.c.objc; path = DTTimePeriodGroup.m; sourceTree = "<group>"; };
		21065EA31DC1DC4D00E5C57B /* NSDate+DateTools.h */ = {isa = PBXFileReference; fileEncoding = 4; lastKnownFileType = sourcecode.c.h; path = "NSDate+DateTools.h"; sourceTree = "<group>"; };
		21065EA41DC1DC4D00E5C57B /* NSDate+DateTools.m */ = {isa = PBXFileReference; fileEncoding = 4; lastKnownFileType = sourcecode.c.objc; path = "NSDate+DateTools.m"; sourceTree = "<group>"; };
		21065EA61DC1DC4D00E5C57B /* MyTools.h */ = {isa = PBXFileReference; fileEncoding = 4; lastKnownFileType = sourcecode.c.h; path = MyTools.h; sourceTree = "<group>"; };
		21065EA71DC1DC4D00E5C57B /* MyTools.m */ = {isa = PBXFileReference; fileEncoding = 4; lastKnownFileType = sourcecode.c.objc; path = MyTools.m; sourceTree = "<group>"; };
		21065EA91DC1DC4D00E5C57B /* KeyChainStore.h */ = {isa = PBXFileReference; fileEncoding = 4; lastKnownFileType = sourcecode.c.h; path = KeyChainStore.h; sourceTree = "<group>"; };
		21065EAA1DC1DC4D00E5C57B /* KeyChainStore.m */ = {isa = PBXFileReference; fileEncoding = 4; lastKnownFileType = sourcecode.c.objc; path = KeyChainStore.m; sourceTree = "<group>"; };
		21065EAB1DC1DC4D00E5C57B /* UserDevice.h */ = {isa = PBXFileReference; fileEncoding = 4; lastKnownFileType = sourcecode.c.h; path = UserDevice.h; sourceTree = "<group>"; };
		21065EAC1DC1DC4D00E5C57B /* UserDevice.m */ = {isa = PBXFileReference; fileEncoding = 4; lastKnownFileType = sourcecode.c.objc; path = UserDevice.m; sourceTree = "<group>"; };
		21065EAE1DC1DC4D00E5C57B /* HTTPRequestManager.h */ = {isa = PBXFileReference; fileEncoding = 4; lastKnownFileType = sourcecode.c.h; path = HTTPRequestManager.h; sourceTree = "<group>"; };
		21065EAF1DC1DC4D00E5C57B /* HTTPRequestManager.m */ = {isa = PBXFileReference; fileEncoding = 4; lastKnownFileType = sourcecode.c.objc; path = HTTPRequestManager.m; sourceTree = "<group>"; };
		21065EB41DC1DC4D00E5C57B /* Reachability.h */ = {isa = PBXFileReference; fileEncoding = 4; lastKnownFileType = sourcecode.c.h; path = Reachability.h; sourceTree = "<group>"; };
		21065EB51DC1DC4D00E5C57B /* Reachability.m */ = {isa = PBXFileReference; fileEncoding = 4; lastKnownFileType = sourcecode.c.objc; path = Reachability.m; sourceTree = "<group>"; };
		21065EB71DC1DC4D00E5C57B /* NetworkStatusMonitor.h */ = {isa = PBXFileReference; fileEncoding = 4; lastKnownFileType = sourcecode.c.h; path = NetworkStatusMonitor.h; sourceTree = "<group>"; };
		21065EB81DC1DC4D00E5C57B /* NetworkStatusMonitor.m */ = {isa = PBXFileReference; fileEncoding = 4; lastKnownFileType = sourcecode.c.objc; path = NetworkStatusMonitor.m; sourceTree = "<group>"; };
		21065EBA1DC1DC4D00E5C57B /* QRCodeGenerator.h */ = {isa = PBXFileReference; fileEncoding = 4; lastKnownFileType = sourcecode.c.h; path = QRCodeGenerator.h; sourceTree = "<group>"; };
		21065EBB1DC1DC4D00E5C57B /* QRCodeGenerator.m */ = {isa = PBXFileReference; fileEncoding = 4; lastKnownFileType = sourcecode.c.objc; path = QRCodeGenerator.m; sourceTree = "<group>"; };
		21065EBE1DC1DC4D00E5C57B /* AppMacro.h */ = {isa = PBXFileReference; fileEncoding = 4; lastKnownFileType = sourcecode.c.h; path = AppMacro.h; sourceTree = "<group>"; };
		21065EBF1DC1DC4D00E5C57B /* Header.h */ = {isa = PBXFileReference; fileEncoding = 4; lastKnownFileType = sourcecode.c.h; path = Header.h; sourceTree = "<group>"; };
		21065EC01DC1DC4D00E5C57B /* NotificationMacro.h */ = {isa = PBXFileReference; fileEncoding = 4; lastKnownFileType = sourcecode.c.h; path = NotificationMacro.h; sourceTree = "<group>"; };
		21065EC11DC1DC4D00E5C57B /* UtilsMacro.h */ = {isa = PBXFileReference; fileEncoding = 4; lastKnownFileType = sourcecode.c.h; path = UtilsMacro.h; sourceTree = "<group>"; };
		21065EC21DC1DC4D00E5C57B /* VendorMacro.h */ = {isa = PBXFileReference; fileEncoding = 4; lastKnownFileType = sourcecode.c.h; path = VendorMacro.h; sourceTree = "<group>"; };
		2107243F1E346B38000C55D9 /* en */ = {isa = PBXFileReference; lastKnownFileType = text.plist.strings; name = en; path = en.lproj/local.strings; sourceTree = "<group>"; };
		210724411E346BBB000C55D9 /* ChangeStringView.h */ = {isa = PBXFileReference; fileEncoding = 4; lastKnownFileType = sourcecode.c.h; path = ChangeStringView.h; sourceTree = "<group>"; };
		210724421E346BBB000C55D9 /* ChangeStringView.m */ = {isa = PBXFileReference; fileEncoding = 4; lastKnownFileType = sourcecode.c.objc; path = ChangeStringView.m; sourceTree = "<group>"; };
		210724431E346BBB000C55D9 /* ChangeStringView.xib */ = {isa = PBXFileReference; fileEncoding = 4; lastKnownFileType = file.xib; path = ChangeStringView.xib; sourceTree = "<group>"; };
		210724461E346CBA000C55D9 /* Base */ = {isa = PBXFileReference; lastKnownFileType = text.plist.strings; name = Base; path = Base.lproj/local.strings; sourceTree = "<group>"; };
		210724481E346D88000C55D9 /* User.h */ = {isa = PBXFileReference; fileEncoding = 4; lastKnownFileType = sourcecode.c.h; path = User.h; sourceTree = "<group>"; };
		210724491E346D88000C55D9 /* User.m */ = {isa = PBXFileReference; fileEncoding = 4; lastKnownFileType = sourcecode.c.objc; path = User.m; sourceTree = "<group>"; };
		2107244A1E346D88000C55D9 /* UserManager.h */ = {isa = PBXFileReference; fileEncoding = 4; lastKnownFileType = sourcecode.c.h; path = UserManager.h; sourceTree = "<group>"; };
		2107244B1E346D88000C55D9 /* UserManager.m */ = {isa = PBXFileReference; fileEncoding = 4; lastKnownFileType = sourcecode.c.objc; path = UserManager.m; sourceTree = "<group>"; };
		2107244F1E348AF3000C55D9 /* MZTimerLabel.h */ = {isa = PBXFileReference; fileEncoding = 4; lastKnownFileType = sourcecode.c.h; path = MZTimerLabel.h; sourceTree = "<group>"; };
		210724501E348AF3000C55D9 /* MZTimerLabel.m */ = {isa = PBXFileReference; fileEncoding = 4; lastKnownFileType = sourcecode.c.objc; path = MZTimerLabel.m; sourceTree = "<group>"; };
		210724531E348B87000C55D9 /* UIButton+XQ.h */ = {isa = PBXFileReference; fileEncoding = 4; lastKnownFileType = sourcecode.c.h; path = "UIButton+XQ.h"; sourceTree = "<group>"; };
		210724541E348B87000C55D9 /* UIButton+XQ.m */ = {isa = PBXFileReference; fileEncoding = 4; lastKnownFileType = sourcecode.c.objc; path = "UIButton+XQ.m"; sourceTree = "<group>"; };
		210724551E348B87000C55D9 /* UIImageView+XQ.h */ = {isa = PBXFileReference; fileEncoding = 4; lastKnownFileType = sourcecode.c.h; path = "UIImageView+XQ.h"; sourceTree = "<group>"; };
		210724561E348B87000C55D9 /* UIImageView+XQ.m */ = {isa = PBXFileReference; fileEncoding = 4; lastKnownFileType = sourcecode.c.objc; path = "UIImageView+XQ.m"; sourceTree = "<group>"; };
		21233A6D1DC9E09C000652B1 /* PhoneConfirmController.h */ = {isa = PBXFileReference; fileEncoding = 4; lastKnownFileType = sourcecode.c.h; path = PhoneConfirmController.h; sourceTree = "<group>"; };
		21233A6E1DC9E09C000652B1 /* PhoneConfirmController.m */ = {isa = PBXFileReference; fileEncoding = 4; lastKnownFileType = sourcecode.c.objc; path = PhoneConfirmController.m; sourceTree = "<group>"; };
		21233A6F1DC9E09C000652B1 /* PhoneConfirmController.xib */ = {isa = PBXFileReference; fileEncoding = 4; lastKnownFileType = file.xib; path = PhoneConfirmController.xib; sourceTree = "<group>"; };
		21233A711DC9E09C000652B1 /* ScanCompanyCodeController.h */ = {isa = PBXFileReference; fileEncoding = 4; lastKnownFileType = sourcecode.c.h; path = ScanCompanyCodeController.h; sourceTree = "<group>"; };
		21233A721DC9E09C000652B1 /* ScanCompanyCodeController.m */ = {isa = PBXFileReference; fileEncoding = 4; lastKnownFileType = sourcecode.c.objc; path = ScanCompanyCodeController.m; sourceTree = "<group>"; };
		21233A731DC9E09C000652B1 /* ScanCompanyCodeController.xib */ = {isa = PBXFileReference; fileEncoding = 4; lastKnownFileType = file.xib; path = ScanCompanyCodeController.xib; sourceTree = "<group>"; };
		212C21B61DCB207D0091B218 /* UIView_extra.h */ = {isa = PBXFileReference; fileEncoding = 4; lastKnownFileType = sourcecode.c.h; path = UIView_extra.h; sourceTree = "<group>"; };
		212C21B71DCB207D0091B218 /* UIView_extra.m */ = {isa = PBXFileReference; fileEncoding = 4; lastKnownFileType = sourcecode.c.objc; path = UIView_extra.m; sourceTree = "<group>"; };
		214897D01DC1DDBA0096B588 /* BasePrefix.pch */ = {isa = PBXFileReference; fileEncoding = 4; lastKnownFileType = sourcecode.c.h; path = BasePrefix.pch; sourceTree = "<group>"; };
		215808631E495D2500B25734 /* XQGA.h */ = {isa = PBXFileReference; fileEncoding = 4; lastKnownFileType = sourcecode.c.h; path = XQGA.h; sourceTree = "<group>"; };
		215808641E495D2500B25734 /* XQGA.m */ = {isa = PBXFileReference; fileEncoding = 4; lastKnownFileType = sourcecode.c.objc; path = XQGA.m; sourceTree = "<group>"; };
		215808671E495D9C00B25734 /* LocalNotiPush.h */ = {isa = PBXFileReference; fileEncoding = 4; lastKnownFileType = sourcecode.c.h; path = LocalNotiPush.h; sourceTree = "<group>"; };
		215808681E495D9C00B25734 /* LocalNotiPush.m */ = {isa = PBXFileReference; fileEncoding = 4; lastKnownFileType = sourcecode.c.objc; path = LocalNotiPush.m; sourceTree = "<group>"; };
		2158086B1E495FA700B25734 /* Fabric.framework */ = {isa = PBXFileReference; lastKnownFileType = wrapper.framework; path = Fabric.framework; sourceTree = "<group>"; };
		2158086C1E495FA700B25734 /* Crashlytics.framework */ = {isa = PBXFileReference; lastKnownFileType = wrapper.framework; path = Crashlytics.framework; sourceTree = "<group>"; };
		2158086F1E4960EA00B25734 /* Base.entitlements */ = {isa = PBXFileReference; lastKnownFileType = text.plist.entitlements; path = Base.entitlements; sourceTree = "<group>"; };
		215808701E49617D00B25734 /* libsqlite3.tbd */ = {isa = PBXFileReference; lastKnownFileType = "sourcecode.text-based-dylib-definition"; name = libsqlite3.tbd; path = usr/lib/libsqlite3.tbd; sourceTree = SDKROOT; };
		215808811E4964C200B25734 /* libz.tbd */ = {isa = PBXFileReference; lastKnownFileType = "sourcecode.text-based-dylib-definition"; name = libz.tbd; path = usr/lib/libz.tbd; sourceTree = SDKROOT; };
		215808831E4964E300B25734 /* SystemConfiguration.framework */ = {isa = PBXFileReference; lastKnownFileType = wrapper.framework; name = SystemConfiguration.framework; path = System/Library/Frameworks/SystemConfiguration.framework; sourceTree = SDKROOT; };
		215808851E4964EB00B25734 /* CoreData.framework */ = {isa = PBXFileReference; lastKnownFileType = wrapper.framework; name = CoreData.framework; path = System/Library/Frameworks/CoreData.framework; sourceTree = SDKROOT; };
		215808881E4965C500B25734 /* libsqlite3.0.tbd */ = {isa = PBXFileReference; lastKnownFileType = "sourcecode.text-based-dylib-definition"; name = libsqlite3.0.tbd; path = usr/lib/libsqlite3.0.tbd; sourceTree = SDKROOT; };
		2158088E1E49695B00B25734 /* MBProgressHUD+XQ.h */ = {isa = PBXFileReference; fileEncoding = 4; lastKnownFileType = sourcecode.c.h; path = "MBProgressHUD+XQ.h"; sourceTree = "<group>"; };
		2158088F1E49695B00B25734 /* MBProgressHUD+XQ.m */ = {isa = PBXFileReference; fileEncoding = 4; lastKnownFileType = sourcecode.c.objc; path = "MBProgressHUD+XQ.m"; sourceTree = "<group>"; };
		215808901E49695B00B25734 /* MBProgressHUD.bundle */ = {isa = PBXFileReference; lastKnownFileType = "wrapper.plug-in"; path = MBProgressHUD.bundle; sourceTree = "<group>"; };
		215808911E49695B00B25734 /* MBProgressHUD.h */ = {isa = PBXFileReference; fileEncoding = 4; lastKnownFileType = sourcecode.c.h; path = MBProgressHUD.h; sourceTree = "<group>"; };
		215808921E49695B00B25734 /* MBProgressHUD.m */ = {isa = PBXFileReference; fileEncoding = 4; lastKnownFileType = sourcecode.c.objc; path = MBProgressHUD.m; sourceTree = "<group>"; };
		216C4F0D1E4ACE1600FA8030 /* NetWorkStates.h */ = {isa = PBXFileReference; fileEncoding = 4; lastKnownFileType = sourcecode.c.h; path = NetWorkStates.h; sourceTree = "<group>"; };
		216C4F0E1E4ACE1600FA8030 /* NetWorkStates.m */ = {isa = PBXFileReference; fileEncoding = 4; lastKnownFileType = sourcecode.c.objc; path = NetWorkStates.m; sourceTree = "<group>"; };
		2172412A1DC2EE0300CFEA3D /* CommonHelper_iOS.h */ = {isa = PBXFileReference; fileEncoding = 4; lastKnownFileType = sourcecode.c.h; path = CommonHelper_iOS.h; sourceTree = "<group>"; };
		2172412B1DC2EE0300CFEA3D /* CommonHelper_iOS.mm */ = {isa = PBXFileReference; fileEncoding = 4; lastKnownFileType = sourcecode.cpp.objcpp; path = CommonHelper_iOS.mm; sourceTree = "<group>"; };
		217539B71DC990DA00E4800F /* KSGuideManager.h */ = {isa = PBXFileReference; fileEncoding = 4; lastKnownFileType = sourcecode.c.h; path = KSGuideManager.h; sourceTree = "<group>"; };
		217539B81DC990DA00E4800F /* KSGuideManager.m */ = {isa = PBXFileReference; fileEncoding = 4; lastKnownFileType = sourcecode.c.objc; path = KSGuideManager.m; sourceTree = "<group>"; };
		217539BB1DC996D200E4800F /* 1.jpg */ = {isa = PBXFileReference; lastKnownFileType = image.jpeg; path = 1.jpg; sourceTree = "<group>"; };
		217539BC1DC996D200E4800F /* 2.jpg */ = {isa = PBXFileReference; lastKnownFileType = image.jpeg; path = 2.jpg; sourceTree = "<group>"; };
		217539BD1DC996D200E4800F /* 3.jpg */ = {isa = PBXFileReference; lastKnownFileType = image.jpeg; path = 3.jpg; sourceTree = "<group>"; };
		218B3B1E1DCC213D0097FCB4 /* LeftSlideViewController.h */ = {isa = PBXFileReference; fileEncoding = 4; lastKnownFileType = sourcecode.c.h; path = LeftSlideViewController.h; sourceTree = "<group>"; };
		218B3B1F1DCC213D0097FCB4 /* LeftSlideViewController.m */ = {isa = PBXFileReference; fileEncoding = 4; lastKnownFileType = sourcecode.c.objc; path = LeftSlideViewController.m; sourceTree = "<group>"; };
		21B9A1911E48805F001E2B31 /* MainViewController.h */ = {isa = PBXFileReference; fileEncoding = 4; lastKnownFileType = sourcecode.c.h; path = MainViewController.h; sourceTree = "<group>"; };
		21B9A1921E48805F001E2B31 /* MainViewController.m */ = {isa = PBXFileReference; fileEncoding = 4; lastKnownFileType = sourcecode.c.objc; path = MainViewController.m; sourceTree = "<group>"; };
		21B9A1931E48805F001E2B31 /* MainViewController.xib */ = {isa = PBXFileReference; fileEncoding = 4; lastKnownFileType = file.xib; path = MainViewController.xib; sourceTree = "<group>"; };
		21B9A1981E4880E9001E2B31 /* EditView.xib */ = {isa = PBXFileReference; fileEncoding = 4; lastKnownFileType = file.xib; path = EditView.xib; sourceTree = "<group>"; };
		21B9A19A1E4880FA001E2B31 /* EditView.h */ = {isa = PBXFileReference; fileEncoding = 4; lastKnownFileType = sourcecode.c.h; path = EditView.h; sourceTree = "<group>"; };
		21B9A19B1E4880FA001E2B31 /* EditView.m */ = {isa = PBXFileReference; fileEncoding = 4; lastKnownFileType = sourcecode.c.objc; path = EditView.m; sourceTree = "<group>"; };
		2BA43CCD4390998A038654FB /* Pods-Base.release.xcconfig */ = {isa = PBXFileReference; includeInIndex = 1; lastKnownFileType = text.xcconfig; name = "Pods-Base.release.xcconfig"; path = "Pods/Target Support Files/Pods-Base/Pods-Base.release.xcconfig"; sourceTree = "<group>"; };
		861B2CF7E518F3360419D333 /* libPods-Base.a */ = {isa = PBXFileReference; explicitFileType = archive.ar; includeInIndex = 0; path = "libPods-Base.a"; sourceTree = BUILT_PRODUCTS_DIR; };
		DD221AF22FF1C70AC8692BC4 /* Pods-Base.debug.xcconfig */ = {isa = PBXFileReference; includeInIndex = 1; lastKnownFileType = text.xcconfig; name = "Pods-Base.debug.xcconfig"; path = "Pods/Target Support Files/Pods-Base/Pods-Base.debug.xcconfig"; sourceTree = "<group>"; };
/* End PBXFileReference section */

/* Begin PBXFrameworksBuildPhase section */
		21065E301DC1DB5A00E5C57B /* Frameworks */ = {
			isa = PBXFrameworksBuildPhase;
			buildActionMask = 2147483647;
			files = (
				215808891E4965C500B25734 /* libsqlite3.0.tbd in Frameworks */,
				6AD4300F200BD2F41D34DA06 /* libPods-Base.a in Frameworks */,
				2158086E1E495FA700B25734 /* Crashlytics.framework in Frameworks */,
				2158086D1E495FA700B25734 /* Fabric.framework in Frameworks */,
			);
			runOnlyForDeploymentPostprocessing = 0;
		};
		21065E491DC1DB5A00E5C57B /* Frameworks */ = {
			isa = PBXFrameworksBuildPhase;
			buildActionMask = 2147483647;
			files = (
			);
			runOnlyForDeploymentPostprocessing = 0;
		};
		21065E541DC1DB5B00E5C57B /* Frameworks */ = {
			isa = PBXFrameworksBuildPhase;
			buildActionMask = 2147483647;
			files = (
			);
			runOnlyForDeploymentPostprocessing = 0;
		};
/* End PBXFrameworksBuildPhase section */

/* Begin PBXGroup section */
		21065E2A1DC1DB5A00E5C57B = {
			isa = PBXGroup;
			children = (
				21065E351DC1DB5A00E5C57B /* Base */,
				21065E4F1DC1DB5A00E5C57B /* BaseTests */,
				21065E5A1DC1DB5B00E5C57B /* BaseUITests */,
				21065E341DC1DB5A00E5C57B /* Products */,
				E097E3B7A661B2E79B4C55EA /* Pods */,
				9ACBEE4A402FC78696FEEC2E /* Frameworks */,
			);
			sourceTree = "<group>";
		};
		21065E341DC1DB5A00E5C57B /* Products */ = {
			isa = PBXGroup;
			children = (
				21065E331DC1DB5A00E5C57B /* Base.app */,
				21065E4C1DC1DB5A00E5C57B /* BaseTests.xctest */,
				21065E571DC1DB5B00E5C57B /* BaseUITests.xctest */,
			);
			name = Products;
			sourceTree = "<group>";
		};
		21065E351DC1DB5A00E5C57B /* Base */ = {
			isa = PBXGroup;
			children = (
				2158086F1E4960EA00B25734 /* Base.entitlements */,
				21065E921DC1DC4D00E5C57B /* Public */,
				21065E691DC1DC3200E5C57B /* Business */,
				21065E391DC1DB5A00E5C57B /* AppDelegate.h */,
				21065E3A1DC1DB5A00E5C57B /* AppDelegate.m */,
				21065E3C1DC1DB5A00E5C57B /* ViewController.h */,
				21065E3D1DC1DB5A00E5C57B /* ViewController.m */,
				21065E3F1DC1DB5A00E5C57B /* Main.storyboard */,
				21065E421DC1DB5A00E5C57B /* Assets.xcassets */,
				21065E441DC1DB5A00E5C57B /* LaunchScreen.storyboard */,
				21065E471DC1DB5A00E5C57B /* Info.plist */,
				214897D01DC1DDBA0096B588 /* BasePrefix.pch */,
				21065E361DC1DB5A00E5C57B /* Supporting Files */,
			);
			path = Base;
			sourceTree = "<group>";
		};
		21065E361DC1DB5A00E5C57B /* Supporting Files */ = {
			isa = PBXGroup;
			children = (
				21065E371DC1DB5A00E5C57B /* main.m */,
			);
			name = "Supporting Files";
			sourceTree = "<group>";
		};
		21065E4F1DC1DB5A00E5C57B /* BaseTests */ = {
			isa = PBXGroup;
			children = (
				21065E501DC1DB5A00E5C57B /* BaseTests.m */,
				21065E521DC1DB5A00E5C57B /* Info.plist */,
			);
			path = BaseTests;
			sourceTree = "<group>";
		};
		21065E5A1DC1DB5B00E5C57B /* BaseUITests */ = {
			isa = PBXGroup;
			children = (
				21065E5B1DC1DB5B00E5C57B /* BaseUITests.m */,
				21065E5D1DC1DB5B00E5C57B /* Info.plist */,
			);
			path = BaseUITests;
			sourceTree = "<group>";
		};
		21065E691DC1DC3200E5C57B /* Business */ = {
			isa = PBXGroup;
			children = (
				21065E6A1DC1DC3200E5C57B /* General */,
				21065E811DC1DC3200E5C57B /* Models */,
				21065E821DC1DC3200E5C57B /* Sections */,
			);
			path = Business;
			sourceTree = "<group>";
		};
		21065E6A1DC1DC3200E5C57B /* General */ = {
			isa = PBXGroup;
			children = (
				21065E6B1DC1DC3200E5C57B /* Categories */,
				21065E7A1DC1DC3200E5C57B /* Classes */,
			);
			path = General;
			sourceTree = "<group>";
		};
		21065E6B1DC1DC3200E5C57B /* Categories */ = {
			isa = PBXGroup;
			children = (
				21065E6C1DC1DC3200E5C57B /* UIBarButtonItem+LH.h */,
				21065E6D1DC1DC3200E5C57B /* UIBarButtonItem+LH.m */,
				21065E6E1DC1DC3200E5C57B /* UIButton+Extension.h */,
				21065E6F1DC1DC3200E5C57B /* UIButton+Extension.m */,
				21065E721DC1DC3200E5C57B /* UIImage+Extension.h */,
				21065E731DC1DC3200E5C57B /* UIImage+Extension.m */,
				21065E741DC1DC3200E5C57B /* UIImageView+Extension.h */,
				21065E751DC1DC3200E5C57B /* UIImageView+Extension.m */,
				21065E761DC1DC3200E5C57B /* UIView+Extension.h */,
				21065E771DC1DC3200E5C57B /* UIView+Extension.m */,
				21065E781DC1DC3200E5C57B /* UIViewController+Extension.h */,
				21065E791DC1DC3200E5C57B /* UIViewController+Extension.m */,
			);
			path = Categories;
			sourceTree = "<group>";
		};
		21065E7A1DC1DC3200E5C57B /* Classes */ = {
			isa = PBXGroup;
			children = (
				21065E7B1DC1DC3200E5C57B /* BaseNavtionController.h */,
				21065E7C1DC1DC3200E5C57B /* BaseNavtionController.m */,
				21065E7D1DC1DC3200E5C57B /* BaseTabBarController.h */,
				21065E7E1DC1DC3200E5C57B /* BaseTabBarController.m */,
				21065E7F1DC1DC3200E5C57B /* BaseViewController.h */,
				21065E801DC1DC3200E5C57B /* BaseViewController.m */,
			);
			path = Classes;
			sourceTree = "<group>";
		};
		21065E811DC1DC3200E5C57B /* Models */ = {
			isa = PBXGroup;
			children = (
				210724471E346D76000C55D9 /* UserModel */,
			);
			path = Models;
			sourceTree = "<group>";
		};
		21065E821DC1DC3200E5C57B /* Sections */ = {
			isa = PBXGroup;
			children = (
				21B9A1901E48805F001E2B31 /* Main */,
				2166C6851DC9C7B000A35DCC /* PublicView */,
			);
			path = Sections;
			sourceTree = "<group>";
		};
		21065E921DC1DC4D00E5C57B /* Public */ = {
			isa = PBXGroup;
			children = (
				21065E931DC1DC4D00E5C57B /* Helpers */,
				21065EBD1DC1DC4D00E5C57B /* Macro */,
				21065EC31DC1DC4D00E5C57B /* Resources */,
				21065EC61DC1DC4D00E5C57B /* Vendors */,
			);
			path = Public;
			sourceTree = "<group>";
		};
		21065E931DC1DC4D00E5C57B /* Helpers */ = {
			isa = PBXGroup;
			children = (
				215808661E495D9C00B25734 /* LocalPush */,
				215808621E495D2500B25734 /* Google */,
				210724521E348B87000C55D9 /* XQImage */,
				2107244E1E348AF3000C55D9 /* MZTimerLabel */,
				21233A6B1DC9E09C000652B1 /* Funcation */,
				217539B61DC990DA00E4800F /* Welcome */,
				21065E941DC1DC4D00E5C57B /* DateTool */,
				21065EA81DC1DC4D00E5C57B /* DeviceMsg */,
				21065EAD1DC1DC4D00E5C57B /* HttpRequestManager */,
				21065EB31DC1DC4D00E5C57B /* NetStatus */,
				21065EB61DC1DC4D00E5C57B /* Network_Monitor */,
				21065EB91DC1DC4D00E5C57B /* QRCodeDraw */,
			);
			path = Helpers;
			sourceTree = "<group>";
		};
		21065E941DC1DC4D00E5C57B /* DateTool */ = {
			isa = PBXGroup;
			children = (
				21065EA51DC1DC4D00E5C57B /* MyDateTool */,
				21065E951DC1DC4D00E5C57B /* DateTools */,
			);
			path = DateTool;
			sourceTree = "<group>";
		};
		21065E951DC1DC4D00E5C57B /* DateTools */ = {
			isa = PBXGroup;
			children = (
				21065E961DC1DC4D00E5C57B /* DateTools.h */,
				21065E971DC1DC4D00E5C57B /* DTConstants.h */,
				21065E981DC1DC4D00E5C57B /* DTConstants.m */,
				21065E991DC1DC4D00E5C57B /* DTError.h */,
				21065E9A1DC1DC4D00E5C57B /* DTError.m */,
				21065E9B1DC1DC4D00E5C57B /* DTTimePeriod.h */,
				21065E9C1DC1DC4D00E5C57B /* DTTimePeriod.m */,
				21065E9D1DC1DC4D00E5C57B /* DTTimePeriodChain.h */,
				21065E9E1DC1DC4D00E5C57B /* DTTimePeriodChain.m */,
				21065E9F1DC1DC4D00E5C57B /* DTTimePeriodCollection.h */,
				21065EA01DC1DC4D00E5C57B /* DTTimePeriodCollection.m */,
				21065EA11DC1DC4D00E5C57B /* DTTimePeriodGroup.h */,
				21065EA21DC1DC4D00E5C57B /* DTTimePeriodGroup.m */,
				21065EA31DC1DC4D00E5C57B /* NSDate+DateTools.h */,
				21065EA41DC1DC4D00E5C57B /* NSDate+DateTools.m */,
			);
			path = DateTools;
			sourceTree = "<group>";
		};
		21065EA51DC1DC4D00E5C57B /* MyDateTool */ = {
			isa = PBXGroup;
			children = (
				21065EA61DC1DC4D00E5C57B /* MyTools.h */,
				21065EA71DC1DC4D00E5C57B /* MyTools.m */,
			);
			path = MyDateTool;
			sourceTree = "<group>";
		};
		21065EA81DC1DC4D00E5C57B /* DeviceMsg */ = {
			isa = PBXGroup;
			children = (
				21065EAB1DC1DC4D00E5C57B /* UserDevice.h */,
				21065EAC1DC1DC4D00E5C57B /* UserDevice.m */,
				2172412A1DC2EE0300CFEA3D /* CommonHelper_iOS.h */,
				2172412B1DC2EE0300CFEA3D /* CommonHelper_iOS.mm */,
				21065EA91DC1DC4D00E5C57B /* KeyChainStore.h */,
				21065EAA1DC1DC4D00E5C57B /* KeyChainStore.m */,
			);
			path = DeviceMsg;
			sourceTree = "<group>";
		};
		21065EAD1DC1DC4D00E5C57B /* HttpRequestManager */ = {
			isa = PBXGroup;
			children = (
				21065EAE1DC1DC4D00E5C57B /* HTTPRequestManager.h */,
				21065EAF1DC1DC4D00E5C57B /* HTTPRequestManager.m */,
			);
			path = HttpRequestManager;
			sourceTree = "<group>";
		};
		21065EB31DC1DC4D00E5C57B /* NetStatus */ = {
			isa = PBXGroup;
			children = (
				21065EB41DC1DC4D00E5C57B /* Reachability.h */,
				21065EB51DC1DC4D00E5C57B /* Reachability.m */,
			);
			path = NetStatus;
			sourceTree = "<group>";
		};
		21065EB61DC1DC4D00E5C57B /* Network_Monitor */ = {
			isa = PBXGroup;
			children = (
				216C4F0D1E4ACE1600FA8030 /* NetWorkStates.h */,
				216C4F0E1E4ACE1600FA8030 /* NetWorkStates.m */,
				21065EB71DC1DC4D00E5C57B /* NetworkStatusMonitor.h */,
				21065EB81DC1DC4D00E5C57B /* NetworkStatusMonitor.m */,
			);
			path = Network_Monitor;
			sourceTree = "<group>";
		};
		21065EB91DC1DC4D00E5C57B /* QRCodeDraw */ = {
			isa = PBXGroup;
			children = (
				21065EBA1DC1DC4D00E5C57B /* QRCodeGenerator.h */,
				21065EBB1DC1DC4D00E5C57B /* QRCodeGenerator.m */,
			);
			path = QRCodeDraw;
			sourceTree = "<group>";
		};
		21065EBD1DC1DC4D00E5C57B /* Macro */ = {
			isa = PBXGroup;
			children = (
				21065EBE1DC1DC4D00E5C57B /* AppMacro.h */,
				21065EBF1DC1DC4D00E5C57B /* Header.h */,
				21065EC01DC1DC4D00E5C57B /* NotificationMacro.h */,
				21065EC11DC1DC4D00E5C57B /* UtilsMacro.h */,
				21065EC21DC1DC4D00E5C57B /* VendorMacro.h */,
			);
			path = Macro;
			sourceTree = "<group>";
		};
		21065EC31DC1DC4D00E5C57B /* Resources */ = {
			isa = PBXGroup;
			children = (
				21065EC41DC1DC4D00E5C57B /* Strings */,
			);
			path = Resources;
			sourceTree = "<group>";
		};
		21065EC41DC1DC4D00E5C57B /* Strings */ = {
			isa = PBXGroup;
			children = (
				210724401E346B38000C55D9 /* local.strings */,
			);
			path = Strings;
			sourceTree = "<group>";
		};
		21065EC61DC1DC4D00E5C57B /* Vendors */ = {
			isa = PBXGroup;
			children = (
				2158088D1E49695B00B25734 /* MBProgressHUD */,
				2158086A1E495F9F00B25734 /* Frameworks */,
			);
			path = Vendors;
			sourceTree = "<group>";
		};
		210724471E346D76000C55D9 /* UserModel */ = {
			isa = PBXGroup;
			children = (
				210724481E346D88000C55D9 /* User.h */,
				210724491E346D88000C55D9 /* User.m */,
				2107244A1E346D88000C55D9 /* UserManager.h */,
				2107244B1E346D88000C55D9 /* UserManager.m */,
			);
			path = UserModel;
			sourceTree = "<group>";
		};
		2107244E1E348AF3000C55D9 /* MZTimerLabel */ = {
			isa = PBXGroup;
			children = (
				2107244F1E348AF3000C55D9 /* MZTimerLabel.h */,
				210724501E348AF3000C55D9 /* MZTimerLabel.m */,
			);
			path = MZTimerLabel;
			sourceTree = "<group>";
		};
		210724521E348B87000C55D9 /* XQImage */ = {
			isa = PBXGroup;
			children = (
				210724531E348B87000C55D9 /* UIButton+XQ.h */,
				210724541E348B87000C55D9 /* UIButton+XQ.m */,
				210724551E348B87000C55D9 /* UIImageView+XQ.h */,
				210724561E348B87000C55D9 /* UIImageView+XQ.m */,
			);
			path = XQImage;
			sourceTree = "<group>";
		};
		21233A6B1DC9E09C000652B1 /* Funcation */ = {
			isa = PBXGroup;
			children = (
				212C21B31DCB206F0091B218 /* 侧滑 */,
				21233A6C1DC9E09C000652B1 /* 手机号验证 */,
				21233A701DC9E09C000652B1 /* 扫描二维码界面 */,
			);
			path = Funcation;
			sourceTree = "<group>";
		};
		21233A6C1DC9E09C000652B1 /* 手机号验证 */ = {
			isa = PBXGroup;
			children = (
				21233A6D1DC9E09C000652B1 /* PhoneConfirmController.h */,
				21233A6E1DC9E09C000652B1 /* PhoneConfirmController.m */,
				21233A6F1DC9E09C000652B1 /* PhoneConfirmController.xib */,
			);
			path = "手机号验证";
			sourceTree = "<group>";
		};
		21233A701DC9E09C000652B1 /* 扫描二维码界面 */ = {
			isa = PBXGroup;
			children = (
				21233A711DC9E09C000652B1 /* ScanCompanyCodeController.h */,
				21233A721DC9E09C000652B1 /* ScanCompanyCodeController.m */,
				21233A731DC9E09C000652B1 /* ScanCompanyCodeController.xib */,
			);
			path = "扫描二维码界面";
			sourceTree = "<group>";
		};
		212C21B31DCB206F0091B218 /* 侧滑 */ = {
			isa = PBXGroup;
			children = (
				218B3B1E1DCC213D0097FCB4 /* LeftSlideViewController.h */,
				218B3B1F1DCC213D0097FCB4 /* LeftSlideViewController.m */,
				212C21B61DCB207D0091B218 /* UIView_extra.h */,
				212C21B71DCB207D0091B218 /* UIView_extra.m */,
			);
			path = "侧滑";
			sourceTree = "<group>";
		};
		215808621E495D2500B25734 /* Google */ = {
			isa = PBXGroup;
			children = (
				215808631E495D2500B25734 /* XQGA.h */,
				215808641E495D2500B25734 /* XQGA.m */,
			);
			path = Google;
			sourceTree = "<group>";
		};
		215808661E495D9C00B25734 /* LocalPush */ = {
			isa = PBXGroup;
			children = (
				215808671E495D9C00B25734 /* LocalNotiPush.h */,
				215808681E495D9C00B25734 /* LocalNotiPush.m */,
			);
			path = LocalPush;
			sourceTree = "<group>";
		};
		2158086A1E495F9F00B25734 /* Frameworks */ = {
			isa = PBXGroup;
			children = (
				2158086B1E495FA700B25734 /* Fabric.framework */,
				2158086C1E495FA700B25734 /* Crashlytics.framework */,
			);
			path = Frameworks;
			sourceTree = "<group>";
		};
		2158088D1E49695B00B25734 /* MBProgressHUD */ = {
			isa = PBXGroup;
			children = (
				2158088E1E49695B00B25734 /* MBProgressHUD+XQ.h */,
				2158088F1E49695B00B25734 /* MBProgressHUD+XQ.m */,
				215808901E49695B00B25734 /* MBProgressHUD.bundle */,
				215808911E49695B00B25734 /* MBProgressHUD.h */,
				215808921E49695B00B25734 /* MBProgressHUD.m */,
			);
			path = MBProgressHUD;
			sourceTree = "<group>";
		};
		2166C6851DC9C7B000A35DCC /* PublicView */ = {
			isa = PBXGroup;
			children = (
				210724411E346BBB000C55D9 /* ChangeStringView.h */,
				210724421E346BBB000C55D9 /* ChangeStringView.m */,
				210724431E346BBB000C55D9 /* ChangeStringView.xib */,
			);
			path = PublicView;
			sourceTree = "<group>";
		};
		217539B61DC990DA00E4800F /* Welcome */ = {
			isa = PBXGroup;
			children = (
				217539B71DC990DA00E4800F /* KSGuideManager.h */,
				217539B81DC990DA00E4800F /* KSGuideManager.m */,
				217539BA1DC996D200E4800F /* images */,
			);
			path = Welcome;
			sourceTree = "<group>";
		};
		217539BA1DC996D200E4800F /* images */ = {
			isa = PBXGroup;
			children = (
				217539BB1DC996D200E4800F /* 1.jpg */,
				217539BC1DC996D200E4800F /* 2.jpg */,
				217539BD1DC996D200E4800F /* 3.jpg */,
			);
			path = images;
			sourceTree = "<group>";
		};
		21B9A1901E48805F001E2B31 /* Main */ = {
			isa = PBXGroup;
			children = (
				21B9A1911E48805F001E2B31 /* MainViewController.h */,
				21B9A1921E48805F001E2B31 /* MainViewController.m */,
				21B9A1931E48805F001E2B31 /* MainViewController.xib */,
				21B9A1961E488084001E2B31 /* Modle */,
				21B9A1971E488084001E2B31 /* View */,
			);
			path = Main;
			sourceTree = "<group>";
		};
		21B9A1961E488084001E2B31 /* Modle */ = {
			isa = PBXGroup;
			children = (
			);
			path = Modle;
			sourceTree = "<group>";
		};
		21B9A1971E488084001E2B31 /* View */ = {
			isa = PBXGroup;
			children = (
				21B9A19A1E4880FA001E2B31 /* EditView.h */,
				21B9A19B1E4880FA001E2B31 /* EditView.m */,
				21B9A1981E4880E9001E2B31 /* EditView.xib */,
			);
			path = View;
			sourceTree = "<group>";
		};
		9ACBEE4A402FC78696FEEC2E /* Frameworks */ = {
			isa = PBXGroup;
			children = (
				215808881E4965C500B25734 /* libsqlite3.0.tbd */,
				215808851E4964EB00B25734 /* CoreData.framework */,
				215808831E4964E300B25734 /* SystemConfiguration.framework */,
				215808811E4964C200B25734 /* libz.tbd */,
				215808701E49617D00B25734 /* libsqlite3.tbd */,
				861B2CF7E518F3360419D333 /* libPods-Base.a */,
			);
			name = Frameworks;
			sourceTree = "<group>";
		};
		E097E3B7A661B2E79B4C55EA /* Pods */ = {
			isa = PBXGroup;
			children = (
				DD221AF22FF1C70AC8692BC4 /* Pods-Base.debug.xcconfig */,
				2BA43CCD4390998A038654FB /* Pods-Base.release.xcconfig */,
			);
			name = Pods;
			sourceTree = "<group>";
		};
/* End PBXGroup section */

/* Begin PBXNativeTarget section */
		21065E321DC1DB5A00E5C57B /* Base */ = {
			isa = PBXNativeTarget;
			buildConfigurationList = 21065E601DC1DB5B00E5C57B /* Build configuration list for PBXNativeTarget "Base" */;
			buildPhases = (
				7FE0CD17BE3A51F62B4C34F0 /* [CP] Check Pods Manifest.lock */,
				21065E2F1DC1DB5A00E5C57B /* Sources */,
				21065E301DC1DB5A00E5C57B /* Frameworks */,
				21065E311DC1DB5A00E5C57B /* Resources */,
				C68F3B08B3718F78E872FE63 /* [CP] Embed Pods Frameworks */,
				ED2785104C95698DAD3EA759 /* [CP] Copy Pods Resources */,
			);
			buildRules = (
			);
			dependencies = (
			);
			name = Base;
			productName = Base;
			productReference = 21065E331DC1DB5A00E5C57B /* Base.app */;
			productType = "com.apple.product-type.application";
		};
		21065E4B1DC1DB5A00E5C57B /* BaseTests */ = {
			isa = PBXNativeTarget;
			buildConfigurationList = 21065E631DC1DB5B00E5C57B /* Build configuration list for PBXNativeTarget "BaseTests" */;
			buildPhases = (
				21065E481DC1DB5A00E5C57B /* Sources */,
				21065E491DC1DB5A00E5C57B /* Frameworks */,
				21065E4A1DC1DB5A00E5C57B /* Resources */,
			);
			buildRules = (
			);
			dependencies = (
				21065E4E1DC1DB5A00E5C57B /* PBXTargetDependency */,
			);
			name = BaseTests;
			productName = BaseTests;
			productReference = 21065E4C1DC1DB5A00E5C57B /* BaseTests.xctest */;
			productType = "com.apple.product-type.bundle.unit-test";
		};
		21065E561DC1DB5B00E5C57B /* BaseUITests */ = {
			isa = PBXNativeTarget;
			buildConfigurationList = 21065E661DC1DB5B00E5C57B /* Build configuration list for PBXNativeTarget "BaseUITests" */;
			buildPhases = (
				21065E531DC1DB5B00E5C57B /* Sources */,
				21065E541DC1DB5B00E5C57B /* Frameworks */,
				21065E551DC1DB5B00E5C57B /* Resources */,
			);
			buildRules = (
			);
			dependencies = (
				21065E591DC1DB5B00E5C57B /* PBXTargetDependency */,
			);
			name = BaseUITests;
			productName = BaseUITests;
			productReference = 21065E571DC1DB5B00E5C57B /* BaseUITests.xctest */;
			productType = "com.apple.product-type.bundle.ui-testing";
		};
/* End PBXNativeTarget section */

/* Begin PBXProject section */
		21065E2B1DC1DB5A00E5C57B /* Project object */ = {
			isa = PBXProject;
			attributes = {
				LastUpgradeCheck = 0800;
				ORGANIZATIONNAME = "李辉";
				TargetAttributes = {
					21065E321DC1DB5A00E5C57B = {
						CreatedOnToolsVersion = 8.0;
						DevelopmentTeam = A49XT7JJB3;
						ProvisioningStyle = Automatic;
						SystemCapabilities = {
							com.apple.Keychain = {
								enabled = 1;
							};
						};
					};
					21065E4B1DC1DB5A00E5C57B = {
						CreatedOnToolsVersion = 8.0;
						DevelopmentTeam = 6F8WFPS43G;
						ProvisioningStyle = Automatic;
						TestTargetID = 21065E321DC1DB5A00E5C57B;
					};
					21065E561DC1DB5B00E5C57B = {
						CreatedOnToolsVersion = 8.0;
						DevelopmentTeam = 6F8WFPS43G;
						ProvisioningStyle = Automatic;
						TestTargetID = 21065E321DC1DB5A00E5C57B;
					};
				};
			};
			buildConfigurationList = 21065E2E1DC1DB5A00E5C57B /* Build configuration list for PBXProject "Base" */;
			compatibilityVersion = "Xcode 3.2";
			developmentRegion = English;
			hasScannedForEncodings = 0;
			knownRegions = (
				en,
				Base,
			);
			mainGroup = 21065E2A1DC1DB5A00E5C57B;
			productRefGroup = 21065E341DC1DB5A00E5C57B /* Products */;
			projectDirPath = "";
			projectRoot = "";
			targets = (
				21065E321DC1DB5A00E5C57B /* Base */,
				21065E4B1DC1DB5A00E5C57B /* BaseTests */,
				21065E561DC1DB5B00E5C57B /* BaseUITests */,
			);
		};
/* End PBXProject section */

/* Begin PBXResourcesBuildPhase section */
		21065E311DC1DB5A00E5C57B /* Resources */ = {
			isa = PBXResourcesBuildPhase;
			buildActionMask = 2147483647;
			files = (
				215808941E49695B00B25734 /* MBProgressHUD.bundle in Resources */,
				217539C21DC996D200E4800F /* 3.jpg in Resources */,
				21B9A1951E48805F001E2B31 /* MainViewController.xib in Resources */,
				210724451E346BBB000C55D9 /* ChangeStringView.xib in Resources */,
				21233A751DC9E09C000652B1 /* PhoneConfirmController.xib in Resources */,
				21065E461DC1DB5A00E5C57B /* LaunchScreen.storyboard in Resources */,
				2107243E1E346B38000C55D9 /* local.strings in Resources */,
				21065E431DC1DB5A00E5C57B /* Assets.xcassets in Resources */,
				21065E411DC1DB5A00E5C57B /* Main.storyboard in Resources */,
				21B9A1991E4880E9001E2B31 /* EditView.xib in Resources */,
				21233A771DC9E09C000652B1 /* ScanCompanyCodeController.xib in Resources */,
				217539C11DC996D200E4800F /* 2.jpg in Resources */,
				217539C01DC996D200E4800F /* 1.jpg in Resources */,
			);
			runOnlyForDeploymentPostprocessing = 0;
		};
		21065E4A1DC1DB5A00E5C57B /* Resources */ = {
			isa = PBXResourcesBuildPhase;
			buildActionMask = 2147483647;
			files = (
			);
			runOnlyForDeploymentPostprocessing = 0;
		};
		21065E551DC1DB5B00E5C57B /* Resources */ = {
			isa = PBXResourcesBuildPhase;
			buildActionMask = 2147483647;
			files = (
			);
			runOnlyForDeploymentPostprocessing = 0;
		};
/* End PBXResourcesBuildPhase section */

/* Begin PBXShellScriptBuildPhase section */
		7FE0CD17BE3A51F62B4C34F0 /* [CP] Check Pods Manifest.lock */ = {
			isa = PBXShellScriptBuildPhase;
			buildActionMask = 2147483647;
			files = (
			);
			inputPaths = (
			);
			name = "[CP] Check Pods Manifest.lock";
			outputPaths = (
			);
			runOnlyForDeploymentPostprocessing = 0;
			shellPath = /bin/sh;
			shellScript = "diff \"${PODS_ROOT}/../Podfile.lock\" \"${PODS_ROOT}/Manifest.lock\" > /dev/null\nif [ $? != 0 ] ; then\n    # print error to STDERR\n    echo \"error: The sandbox is not in sync with the Podfile.lock. Run 'pod install' or update your CocoaPods installation.\" >&2\n    exit 1\nfi\n";
			showEnvVarsInLog = 0;
		};
		C68F3B08B3718F78E872FE63 /* [CP] Embed Pods Frameworks */ = {
			isa = PBXShellScriptBuildPhase;
			buildActionMask = 2147483647;
			files = (
			);
			inputPaths = (
			);
			name = "[CP] Embed Pods Frameworks";
			outputPaths = (
			);
			runOnlyForDeploymentPostprocessing = 0;
			shellPath = /bin/sh;
			shellScript = "\"${SRCROOT}/Pods/Target Support Files/Pods-Base/Pods-Base-frameworks.sh\"\n";
			showEnvVarsInLog = 0;
		};
		ED2785104C95698DAD3EA759 /* [CP] Copy Pods Resources */ = {
			isa = PBXShellScriptBuildPhase;
			buildActionMask = 2147483647;
			files = (
			);
			inputPaths = (
			);
			name = "[CP] Copy Pods Resources";
			outputPaths = (
			);
			runOnlyForDeploymentPostprocessing = 0;
			shellPath = /bin/sh;
			shellScript = "\"${SRCROOT}/Pods/Target Support Files/Pods-Base/Pods-Base-resources.sh\"\n";
			showEnvVarsInLog = 0;
		};
/* End PBXShellScriptBuildPhase section */

/* Begin PBXSourcesBuildPhase section */
		21065E2F1DC1DB5A00E5C57B /* Sources */ = {
			isa = PBXSourcesBuildPhase;
			buildActionMask = 2147483647;
			files = (
				21065E8B1DC1DC3200E5C57B /* UIView+Extension.m in Sources */,
				21065ECC1DC1DC4D00E5C57B /* DTTimePeriodGroup.m in Sources */,
				215808931E49695B00B25734 /* MBProgressHUD+XQ.m in Sources */,
				2107244D1E346D88000C55D9 /* UserManager.m in Sources */,
				21065ECF1DC1DC4D00E5C57B /* KeyChainStore.m in Sources */,
				21065ED41DC1DC4D00E5C57B /* NetworkStatusMonitor.m in Sources */,
				21065E871DC1DC3200E5C57B /* UIButton+Extension.m in Sources */,
				21065E891DC1DC3200E5C57B /* UIImage+Extension.m in Sources */,
				21065ECB1DC1DC4D00E5C57B /* DTTimePeriodCollection.m in Sources */,
				212C21B91DCB207D0091B218 /* UIView_extra.m in Sources */,
				21065E8E1DC1DC3200E5C57B /* BaseTabBarController.m in Sources */,
				21065EC71DC1DC4D00E5C57B /* DTConstants.m in Sources */,
				21065EC81DC1DC4D00E5C57B /* DTError.m in Sources */,
				21065E861DC1DC3200E5C57B /* UIBarButtonItem+LH.m in Sources */,
				2172412C1DC2EE0300CFEA3D /* CommonHelper_iOS.mm in Sources */,
				21065EC91DC1DC4D00E5C57B /* DTTimePeriod.m in Sources */,
				21065E3E1DC1DB5A00E5C57B /* ViewController.m in Sources */,
				21065E8D1DC1DC3200E5C57B /* BaseNavtionController.m in Sources */,
				21065E3B1DC1DB5A00E5C57B /* AppDelegate.m in Sources */,
				21065E8F1DC1DC3200E5C57B /* BaseViewController.m in Sources */,
				210724441E346BBB000C55D9 /* ChangeStringView.m in Sources */,
				215808951E49695B00B25734 /* MBProgressHUD.m in Sources */,
				21065ED51DC1DC4D00E5C57B /* QRCodeGenerator.m in Sources */,
				21B9A1941E48805F001E2B31 /* MainViewController.m in Sources */,
				21B9A19C1E4880FA001E2B31 /* EditView.m in Sources */,
				215808651E495D2500B25734 /* XQGA.m in Sources */,
				21065ECA1DC1DC4D00E5C57B /* DTTimePeriodChain.m in Sources */,
				21065E8A1DC1DC3200E5C57B /* UIImageView+Extension.m in Sources */,
				2107244C1E346D88000C55D9 /* User.m in Sources */,
				210724571E348B87000C55D9 /* UIButton+XQ.m in Sources */,
				217539B91DC990DA00E4800F /* KSGuideManager.m in Sources */,
				218B3B201DCC213D0097FCB4 /* LeftSlideViewController.m in Sources */,
				21065ECE1DC1DC4D00E5C57B /* MyTools.m in Sources */,
				21065ED11DC1DC4D00E5C57B /* HTTPRequestManager.m in Sources */,
				21233A741DC9E09C000652B1 /* PhoneConfirmController.m in Sources */,
				21065E8C1DC1DC3200E5C57B /* UIViewController+Extension.m in Sources */,
				215808691E495D9C00B25734 /* LocalNotiPush.m in Sources */,
				210724581E348B87000C55D9 /* UIImageView+XQ.m in Sources */,
				21065ECD1DC1DC4D00E5C57B /* NSDate+DateTools.m in Sources */,
				21065ED01DC1DC4D00E5C57B /* UserDevice.m in Sources */,
				210724511E348AF3000C55D9 /* MZTimerLabel.m in Sources */,
				216C4F0F1E4ACE1600FA8030 /* NetWorkStates.m in Sources */,
				21233A761DC9E09C000652B1 /* ScanCompanyCodeController.m in Sources */,
				21065ED31DC1DC4D00E5C57B /* Reachability.m in Sources */,
				21065E381DC1DB5A00E5C57B /* main.m in Sources */,
			);
			runOnlyForDeploymentPostprocessing = 0;
		};
		21065E481DC1DB5A00E5C57B /* Sources */ = {
			isa = PBXSourcesBuildPhase;
			buildActionMask = 2147483647;
			files = (
				21065E511DC1DB5A00E5C57B /* BaseTests.m in Sources */,
			);
			runOnlyForDeploymentPostprocessing = 0;
		};
		21065E531DC1DB5B00E5C57B /* Sources */ = {
			isa = PBXSourcesBuildPhase;
			buildActionMask = 2147483647;
			files = (
				21065E5C1DC1DB5B00E5C57B /* BaseUITests.m in Sources */,
			);
			runOnlyForDeploymentPostprocessing = 0;
		};
/* End PBXSourcesBuildPhase section */

/* Begin PBXTargetDependency section */
		21065E4E1DC1DB5A00E5C57B /* PBXTargetDependency */ = {
			isa = PBXTargetDependency;
			target = 21065E321DC1DB5A00E5C57B /* Base */;
			targetProxy = 21065E4D1DC1DB5A00E5C57B /* PBXContainerItemProxy */;
		};
		21065E591DC1DB5B00E5C57B /* PBXTargetDependency */ = {
			isa = PBXTargetDependency;
			target = 21065E321DC1DB5A00E5C57B /* Base */;
			targetProxy = 21065E581DC1DB5B00E5C57B /* PBXContainerItemProxy */;
		};
/* End PBXTargetDependency section */

/* Begin PBXVariantGroup section */
		21065E3F1DC1DB5A00E5C57B /* Main.storyboard */ = {
			isa = PBXVariantGroup;
			children = (
				21065E401DC1DB5A00E5C57B /* Base */,
			);
			name = Main.storyboard;
			sourceTree = "<group>";
		};
		21065E441DC1DB5A00E5C57B /* LaunchScreen.storyboard */ = {
			isa = PBXVariantGroup;
			children = (
				21065E451DC1DB5A00E5C57B /* Base */,
			);
			name = LaunchScreen.storyboard;
			sourceTree = "<group>";
		};
		210724401E346B38000C55D9 /* local.strings */ = {
			isa = PBXVariantGroup;
			children = (
				2107243F1E346B38000C55D9 /* en */,
				210724461E346CBA000C55D9 /* Base */,
			);
			name = local.strings;
			sourceTree = "<group>";
		};
/* End PBXVariantGroup section */

/* Begin XCBuildConfiguration section */
		21065E5E1DC1DB5B00E5C57B /* Debug */ = {
			isa = XCBuildConfiguration;
			buildSettings = {
				ALWAYS_SEARCH_USER_PATHS = NO;
				CLANG_ANALYZER_NONNULL = YES;
				CLANG_CXX_LANGUAGE_STANDARD = "gnu++0x";
				CLANG_CXX_LIBRARY = "libc++";
				CLANG_ENABLE_MODULES = YES;
				CLANG_ENABLE_OBJC_ARC = YES;
				CLANG_WARN_BOOL_CONVERSION = YES;
				CLANG_WARN_CONSTANT_CONVERSION = YES;
				CLANG_WARN_DIRECT_OBJC_ISA_USAGE = YES_ERROR;
				CLANG_WARN_DOCUMENTATION_COMMENTS = YES;
				CLANG_WARN_EMPTY_BODY = YES;
				CLANG_WARN_ENUM_CONVERSION = YES;
				CLANG_WARN_INFINITE_RECURSION = YES;
				CLANG_WARN_INT_CONVERSION = YES;
				CLANG_WARN_OBJC_ROOT_CLASS = YES_ERROR;
				CLANG_WARN_SUSPICIOUS_MOVES = YES;
				CLANG_WARN_UNREACHABLE_CODE = YES;
				CLANG_WARN__DUPLICATE_METHOD_MATCH = YES;
				"CODE_SIGN_IDENTITY[sdk=iphoneos*]" = "iPhone Developer";
				COPY_PHASE_STRIP = NO;
				DEBUG_INFORMATION_FORMAT = dwarf;
				ENABLE_STRICT_OBJC_MSGSEND = YES;
				ENABLE_TESTABILITY = YES;
				GCC_C_LANGUAGE_STANDARD = gnu99;
				GCC_DYNAMIC_NO_PIC = NO;
				GCC_NO_COMMON_BLOCKS = YES;
				GCC_OPTIMIZATION_LEVEL = 0;
				GCC_PREPROCESSOR_DEFINITIONS = (
					"DEBUG=1",
					"$(inherited)",
				);
				GCC_WARN_64_TO_32_BIT_CONVERSION = YES;
				GCC_WARN_ABOUT_RETURN_TYPE = YES_ERROR;
				GCC_WARN_UNDECLARED_SELECTOR = YES;
				GCC_WARN_UNINITIALIZED_AUTOS = YES_AGGRESSIVE;
				GCC_WARN_UNUSED_FUNCTION = YES;
				GCC_WARN_UNUSED_VARIABLE = YES;
				IPHONEOS_DEPLOYMENT_TARGET = 10.0;
				MTL_ENABLE_DEBUG_INFO = YES;
				ONLY_ACTIVE_ARCH = YES;
				SDKROOT = iphoneos;
				TARGETED_DEVICE_FAMILY = "1,2";
			};
			name = Debug;
		};
		21065E5F1DC1DB5B00E5C57B /* Release */ = {
			isa = XCBuildConfiguration;
			buildSettings = {
				ALWAYS_SEARCH_USER_PATHS = NO;
				CLANG_ANALYZER_NONNULL = YES;
				CLANG_CXX_LANGUAGE_STANDARD = "gnu++0x";
				CLANG_CXX_LIBRARY = "libc++";
				CLANG_ENABLE_MODULES = YES;
				CLANG_ENABLE_OBJC_ARC = YES;
				CLANG_WARN_BOOL_CONVERSION = YES;
				CLANG_WARN_CONSTANT_CONVERSION = YES;
				CLANG_WARN_DIRECT_OBJC_ISA_USAGE = YES_ERROR;
				CLANG_WARN_DOCUMENTATION_COMMENTS = YES;
				CLANG_WARN_EMPTY_BODY = YES;
				CLANG_WARN_ENUM_CONVERSION = YES;
				CLANG_WARN_INFINITE_RECURSION = YES;
				CLANG_WARN_INT_CONVERSION = YES;
				CLANG_WARN_OBJC_ROOT_CLASS = YES_ERROR;
				CLANG_WARN_SUSPICIOUS_MOVES = YES;
				CLANG_WARN_UNREACHABLE_CODE = YES;
				CLANG_WARN__DUPLICATE_METHOD_MATCH = YES;
				"CODE_SIGN_IDENTITY[sdk=iphoneos*]" = "iPhone Developer";
				COPY_PHASE_STRIP = NO;
				DEBUG_INFORMATION_FORMAT = "dwarf-with-dsym";
				ENABLE_NS_ASSERTIONS = NO;
				ENABLE_STRICT_OBJC_MSGSEND = YES;
				GCC_C_LANGUAGE_STANDARD = gnu99;
				GCC_NO_COMMON_BLOCKS = YES;
				GCC_WARN_64_TO_32_BIT_CONVERSION = YES;
				GCC_WARN_ABOUT_RETURN_TYPE = YES_ERROR;
				GCC_WARN_UNDECLARED_SELECTOR = YES;
				GCC_WARN_UNINITIALIZED_AUTOS = YES_AGGRESSIVE;
				GCC_WARN_UNUSED_FUNCTION = YES;
				GCC_WARN_UNUSED_VARIABLE = YES;
				IPHONEOS_DEPLOYMENT_TARGET = 10.0;
				MTL_ENABLE_DEBUG_INFO = NO;
				SDKROOT = iphoneos;
				TARGETED_DEVICE_FAMILY = "1,2";
				VALIDATE_PRODUCT = YES;
			};
			name = Release;
		};
		21065E611DC1DB5B00E5C57B /* Debug */ = {
			isa = XCBuildConfiguration;
			baseConfigurationReference = DD221AF22FF1C70AC8692BC4 /* Pods-Base.debug.xcconfig */;
			buildSettings = {
				ASSETCATALOG_COMPILER_APPICON_NAME = AppIcon;
				CODE_SIGN_ENTITLEMENTS = Base/Base.entitlements;
				DEVELOPMENT_TEAM = A49XT7JJB3;
				FRAMEWORK_SEARCH_PATHS = (
					"$(inherited)",
					"$(PROJECT_DIR)/Base/Public/Vendors/Frameworks",
				);
				GCC_PREFIX_HEADER = "$(SRCROOT)//Base/BasePrefix.pch";
				INFOPLIST_FILE = Base/Info.plist;
				LD_RUNPATH_SEARCH_PATHS = "$(inherited) @executable_path/Frameworks";
				LIBRARY_SEARCH_PATHS = (
					"$(inherited)",
					"$(PROJECT_DIR)/Base/Public/Vendors/GoogleAnalytics",
				);
				PRODUCT_BUNDLE_IDENTIFIER = xqopen.Base;
				PRODUCT_NAME = "$(TARGET_NAME)";
			};
			name = Debug;
		};
		21065E621DC1DB5B00E5C57B /* Release */ = {
			isa = XCBuildConfiguration;
			baseConfigurationReference = 2BA43CCD4390998A038654FB /* Pods-Base.release.xcconfig */;
			buildSettings = {
				ASSETCATALOG_COMPILER_APPICON_NAME = AppIcon;
				CODE_SIGN_ENTITLEMENTS = Base/Base.entitlements;
				DEVELOPMENT_TEAM = A49XT7JJB3;
				FRAMEWORK_SEARCH_PATHS = (
					"$(inherited)",
					"$(PROJECT_DIR)/Base/Public/Vendors/Frameworks",
				);
				GCC_PREFIX_HEADER = "$(SRCROOT)//Base/BasePrefix.pch";
				INFOPLIST_FILE = Base/Info.plist;
				LD_RUNPATH_SEARCH_PATHS = "$(inherited) @executable_path/Frameworks";
				LIBRARY_SEARCH_PATHS = (
					"$(inherited)",
					"$(PROJECT_DIR)/Base/Public/Vendors/GoogleAnalytics",
				);
				PRODUCT_BUNDLE_IDENTIFIER = xqopen.Base;
				PRODUCT_NAME = "$(TARGET_NAME)";
			};
			name = Release;
		};
		21065E641DC1DB5B00E5C57B /* Debug */ = {
			isa = XCBuildConfiguration;
			buildSettings = {
				BUNDLE_LOADER = "$(TEST_HOST)";
				DEVELOPMENT_TEAM = 6F8WFPS43G;
				INFOPLIST_FILE = BaseTests/Info.plist;
				LD_RUNPATH_SEARCH_PATHS = "$(inherited) @executable_path/Frameworks @loader_path/Frameworks";
				PRODUCT_BUNDLE_IDENTIFIER = xqopen.BaseTests;
				PRODUCT_NAME = "$(TARGET_NAME)";
				TEST_HOST = "$(BUILT_PRODUCTS_DIR)/Base.app/Base";
			};
			name = Debug;
		};
		21065E651DC1DB5B00E5C57B /* Release */ = {
			isa = XCBuildConfiguration;
			buildSettings = {
				BUNDLE_LOADER = "$(TEST_HOST)";
				DEVELOPMENT_TEAM = 6F8WFPS43G;
				INFOPLIST_FILE = BaseTests/Info.plist;
				LD_RUNPATH_SEARCH_PATHS = "$(inherited) @executable_path/Frameworks @loader_path/Frameworks";
				PRODUCT_BUNDLE_IDENTIFIER = xqopen.BaseTests;
				PRODUCT_NAME = "$(TARGET_NAME)";
				TEST_HOST = "$(BUILT_PRODUCTS_DIR)/Base.app/Base";
			};
			name = Release;
		};
		21065E671DC1DB5B00E5C57B /* Debug */ = {
			isa = XCBuildConfiguration;
			buildSettings = {
				DEVELOPMENT_TEAM = 6F8WFPS43G;
				INFOPLIST_FILE = BaseUITests/Info.plist;
				LD_RUNPATH_SEARCH_PATHS = "$(inherited) @executable_path/Frameworks @loader_path/Frameworks";
				PRODUCT_BUNDLE_IDENTIFIER = xqopen.BaseUITests;
				PRODUCT_NAME = "$(TARGET_NAME)";
				TEST_TARGET_NAME = Base;
			};
			name = Debug;
		};
		21065E681DC1DB5B00E5C57B /* Release */ = {
			isa = XCBuildConfiguration;
			buildSettings = {
				DEVELOPMENT_TEAM = 6F8WFPS43G;
				INFOPLIST_FILE = BaseUITests/Info.plist;
				LD_RUNPATH_SEARCH_PATHS = "$(inherited) @executable_path/Frameworks @loader_path/Frameworks";
				PRODUCT_BUNDLE_IDENTIFIER = xqopen.BaseUITests;
				PRODUCT_NAME = "$(TARGET_NAME)";
				TEST_TARGET_NAME = Base;
			};
			name = Release;
		};
/* End XCBuildConfiguration section */

/* Begin XCConfigurationList section */
		21065E2E1DC1DB5A00E5C57B /* Build configuration list for PBXProject "Base" */ = {
			isa = XCConfigurationList;
			buildConfigurations = (
				21065E5E1DC1DB5B00E5C57B /* Debug */,
				21065E5F1DC1DB5B00E5C57B /* Release */,
			);
			defaultConfigurationIsVisible = 0;
			defaultConfigurationName = Release;
		};
		21065E601DC1DB5B00E5C57B /* Build configuration list for PBXNativeTarget "Base" */ = {
			isa = XCConfigurationList;
			buildConfigurations = (
				21065E611DC1DB5B00E5C57B /* Debug */,
				21065E621DC1DB5B00E5C57B /* Release */,
			);
			defaultConfigurationIsVisible = 0;
			defaultConfigurationName = Release;
		};
		21065E631DC1DB5B00E5C57B /* Build configuration list for PBXNativeTarget "BaseTests" */ = {
			isa = XCConfigurationList;
			buildConfigurations = (
				21065E641DC1DB5B00E5C57B /* Debug */,
				21065E651DC1DB5B00E5C57B /* Release */,
			);
			defaultConfigurationIsVisible = 0;
			defaultConfigurationName = Release;
		};
		21065E661DC1DB5B00E5C57B /* Build configuration list for PBXNativeTarget "BaseUITests" */ = {
			isa = XCConfigurationList;
			buildConfigurations = (
				21065E671DC1DB5B00E5C57B /* Debug */,
				21065E681DC1DB5B00E5C57B /* Release */,
			);
			defaultConfigurationIsVisible = 0;
			defaultConfigurationName = Release;
		};
/* End XCConfigurationList section */
	};
	rootObject = 21065E2B1DC1DB5A00E5C57B /* Project object */;
}
